{
    "name": "@dacely/toildefender",
    "version": "0.1.8",
    "lockfileVersion": 3,
    "requires": true,
    "packages": {
        "": {
            "name": "@dacely/toildefender",
            "version": "0.1.8",
            "license": "AGPL-3.0",
            "dependencies": {
                "@babel/parser": "^8.0.0",
                "escodegen": "^2.1.0",
                "escope": "^4.0.0",
                "esprima": "^4.0.1",
                "esshorten": "1.1.1",
                "estraverse": "^5.3.0",
                "expr-eval-fork": "^3.0.3",
                "lodash": "^4.18.1",
                "minimist": "^1.2.8"
            },
            "bin": {
                "toildefender": "toildefender.js"
            },
            "devDependencies": {
                "playwright": "^1.61.0"
            },
            "engines": {
                "node": ">=24.11.0",
                "npm": ">=10.0.0"
            }
        },
        "node_modules/@babel/helper-string-parser": {
            "version": "8.0.0",
            "resolved": "https://registry.npmjs.org/@babel/helper-string-parser/-/helper-string-parser-8.0.0.tgz",
            "integrity": "sha512-6mJgmFFFIIO82vvoLt9XtRC7/TkzXfts1t/SpRX4IHSzMgqoPYCWesVu1udUPUWioAE/2fcG6WuI8zrkE1gwrg==",
            "license": "MIT",
            "engines": {
                "node": "^22.18.0 || >=24.11.0"
            }
        },
        "node_modules/@babel/helper-validator-identifier": {
            "version": "8.0.2",
            "resolved": "https://registry.npmjs.org/@babel/helper-validator-identifier/-/helper-validator-identifier-8.0.2.tgz",
            "integrity": "sha512-9Fr9QeyCAyi1BR1jKZ6uYQ24EIhQUx5ReHfQU7drOE+TPOb+w11/dsqLkMOT2U29OdCT71XajrOT8xDc1C7orA==",
            "license": "MIT",
            "engines": {
                "node": "^22.18.0 || >=24.11.0"
            }
        },
        "node_modules/@babel/parser": {
            "version": "8.0.0",
            "resolved": "https://registry.npmjs.org/@babel/parser/-/parser-8.0.0.tgz",
            "integrity": "sha512-aLxAE+imI9bCcyaPrUDjBv3uSkWieifjLe0kuFOZF0zli0L6GCsTmsePnTr55adbIAgYz2zhN1vnFimCBUYcRQ==",
            "license": "MIT",
            "dependencies": {
                "@babel/types": "^8.0.0"
            },
            "bin": {
                "parser": "bin/babel-parser.js"
            },
            "engines": {
                "node": "^22.18.0 || >=24.11.0"
            }
        },
        "node_modules/@babel/types": {
            "version": "8.0.0",
            "resolved": "https://registry.npmjs.org/@babel/types/-/types-8.0.0.tgz",
            "integrity": "sha512-K8ponJDxBwDHigkeFqaqT5wLGl4bTlwMafR8k7b5CPxr6Ww+UG9ls8Yx6Tcpboxu97eeGVEEyKcHmEyOwN1vSw==",
            "license": "MIT",
            "dependencies": {
                "@babel/helper-string-parser": "^8.0.0",
                "@babel/helper-validator-identifier": "^8.0.0"
            },
            "engines": {
                "node": "^22.18.0 || >=24.11.0"
            }
        },
        "node_modules/escodegen": {
            "version": "2.1.0",
            "resolved": "https://registry.npmjs.org/escodegen/-/escodegen-2.1.0.tgz",
            "integrity": "sha512-2NlIDTwUWJN0mRPQOdtQBzbUHvdGY2P1VXSyU83Q3xKxM7WHX2Ql8dKq782Q9TgQUNOLEzEYu9bzLNj1q88I5w==",
            "license": "BSD-2-Clause",
            "dependencies": {
                "esprima": "^4.0.1",
                "estraverse": "^5.2.0",
                "esutils": "^2.0.2"
            },
            "bin": {
                "escodegen": "bin/escodegen.js",
                "esgenerate": "bin/esgenerate.js"
            },
            "engines": {
                "node": ">=6.0"
            },
            "optionalDependencies": {
                "source-map": "~0.6.1"
            }
        },
        "node_modules/escope": {
            "version": "4.0.0",
            "resolved": "https://registry.npmjs.org/escope/-/escope-4.0.0.tgz",
            "integrity": "sha512-E36qlD/r6RJHVpPKArgMoMlNJzoRJFH8z/cAZlI9lbc45zB3+S7i9k6e/MNb+7bZQzNEa6r8WKN3BovpeIBwgA==",
            "license": "BSD-2-Clause",
            "dependencies": {
                "esrecurse": "^4.1.0",
                "estraverse": "^4.1.1"
            },
            "engines": {
                "node": ">=4.0"
            }
        },
        "node_modules/escope/node_modules/estraverse": {
            "version": "4.3.0",
            "resolved": "https://registry.npmjs.org/estraverse/-/estraverse-4.3.0.tgz",
            "integrity": "sha512-39nnKffWz8xN1BU/2c79n9nB9HDzo0niYUqx6xyqUnyoAnQyyWpOTdZEeiCch8BBu515t4wp9ZmgVfVhn9EBpw==",
            "license": "BSD-2-Clause",
            "engines": {
                "node": ">=4.0"
            }
        },
        "node_modules/esprima": {
            "version": "4.0.1",
            "resolved": "https://registry.npmjs.org/esprima/-/esprima-4.0.1.tgz",
            "integrity": "sha512-eGuFFw7Upda+g4p+QHvnW0RyTX/SVeJBDM/gCtMARO0cLuT2HcEKnTPvhjV6aGeqrCB/sbNop0Kszm0jsaWU4A==",
            "license": "BSD-2-Clause",
            "bin": {
                "esparse": "bin/esparse.js",
                "esvalidate": "bin/esvalidate.js"
            },
            "engines": {
                "node": ">=4"
            }
        },
        "node_modules/esrecurse": {
            "version": "4.3.0",
            "resolved": "https://registry.npmjs.org/esrecurse/-/esrecurse-4.3.0.tgz",
            "integrity": "sha512-KmfKL3b6G+RXvP8N1vr3Tq1kL/oCFgn2NYXEtqP8/L3pKapUA4G8cFVaoF3SU323CD4XypR/ffioHmkti6/Tag==",
            "license": "BSD-2-Clause",
            "dependencies": {
                "estraverse": "^5.2.0"
            },
            "engines": {
                "node": ">=4.0"
            }
        },
        "node_modules/esshorten": {
            "version": "1.1.1",
            "resolved": "https://registry.npmjs.org/esshorten/-/esshorten-1.1.1.tgz",
            "integrity": "sha512-jvHUQncAuUI/HOzw1a94cGDdgyRUUcVDABU24X2TRb+y4G3ohSllMKjG+ROQVjj5OEVhXYwwsV+OpLOJ63snEA==",
            "dependencies": {
                "escope": "~1.0.1",
                "estraverse": "~4.1.1",
                "esutils": "~2.0.2"
            },
            "engines": {
                "node": ">=0.6.0"
            }
        },
        "node_modules/esshorten/node_modules/escope": {
            "version": "1.0.3",
            "resolved": "https://registry.npmjs.org/escope/-/escope-1.0.3.tgz",
            "integrity": "sha512-PgST3E92KAnuUX/4PXwpE9RI8jubyyTGIN73mfhl0XP4H+hiA7JqvhXNfffs+naSk41Eipq/klcmoGsCrjxPlQ==",
            "dependencies": {
                "estraverse": "^2.0.0"
            },
            "engines": {
                "node": ">=0.4.0"
            }
        },
        "node_modules/esshorten/node_modules/escope/node_modules/estraverse": {
            "version": "2.0.0",
            "resolved": "https://registry.npmjs.org/estraverse/-/estraverse-2.0.0.tgz",
            "integrity": "sha512-3liNs3aDBUmf9Hl3YRLqz7Zop0iiTxWaa/ayuxoVS441zjjTPowZJ/uH3y5yhPcXmrLj2rS6Pvu7tfOC7kT61A==",
            "engines": {
                "node": ">=0.10.0"
            }
        },
        "node_modules/esshorten/node_modules/estraverse": {
            "version": "4.1.1",
            "resolved": "https://registry.npmjs.org/estraverse/-/estraverse-4.1.1.tgz",
            "integrity": "sha512-r3gEa6vc6lGQdrXfo834EaaqnOzYmik8JPg8VB95acIMZRjqaHI0/WMZFoMBGPtS+HCgylwTLoc4Y5yl0owOHQ==",
            "license": "BSD-2-Clause",
            "engines": {
                "node": ">=0.10.0"
            }
        },
        "node_modules/estraverse": {
            "version": "5.3.0",
            "resolved": "https://registry.npmjs.org/estraverse/-/estraverse-5.3.0.tgz",
            "integrity": "sha512-MMdARuVEQziNTeJD8DgMqmhwR11BRQ/cBP+pLtYdSTnf3MIO8fFeiINEbX36ZdNlfU/7A9f3gUw49B3oQsvwBA==",
            "license": "BSD-2-Clause",
            "engines": {
                "node": ">=4.0"
            }
        },
        "node_modules/esutils": {
            "version": "2.0.3",
            "resolved": "https://registry.npmjs.org/esutils/-/esutils-2.0.3.tgz",
            "integrity": "sha512-kVscqXk4OCp68SZ0dkgEKVi6/8ij300KBWTJq32P/dYeWTSwK41WyTxalN1eRmA5Z9UU/LX9D7FWSmV9SAYx6g==",
            "license": "BSD-2-Clause",
            "engines": {
                "node": ">=0.10.0"
            }
        },
        "node_modules/expr-eval-fork": {
            "version": "3.0.3",
            "resolved": "https://registry.npmjs.org/expr-eval-fork/-/expr-eval-fork-3.0.3.tgz",
            "integrity": "sha512-BhC+hbc5lIVjygr840n5DEkW3MQq7H9o+mc1/N7Z5uIiCFVyESLL5DIE7LNq4CYUNxy+XjA+3jRrL/h0Kt2xcg==",
            "license": "MIT",
            "engines": {
                "node": ">=16.9.0"
            }
        },
        "node_modules/fsevents": {
            "version": "2.3.2",
            "resolved": "https://registry.npmjs.org/fsevents/-/fsevents-2.3.2.tgz",
            "integrity": "sha512-xiqMQR4xAeHTuB9uWm+fFRcIOgKBMiOBP+eXiyT7jsgVCq1bkVygt00oASowB7EdtpOHaaPgKt812P9ab+DDKA==",
            "dev": true,
            "hasInstallScript": true,
            "license": "MIT",
            "optional": true,
            "os": [
                "darwin"
            ],
            "engines": {
                "node": "^8.16.0 || ^10.6.0 || >=11.0.0"
            }
        },
        "node_modules/lodash": {
            "version": "4.18.1",
            "resolved": "https://registry.npmjs.org/lodash/-/lodash-4.18.1.tgz",
            "integrity": "sha512-dMInicTPVE8d1e5otfwmmjlxkZoUpiVLwyeTdUsi/Caj/gfzzblBcCE5sRHV/AsjuCmxWrte2TNGSYuCeCq+0Q==",
            "license": "MIT"
        },
        "node_modules/minimist": {
            "version": "1.2.8",
            "resolved": "https://registry.npmjs.org/minimist/-/minimist-1.2.8.tgz",
            "integrity": "sha512-2yyAR8qBkN3YuheJanUpWC5U3bb5osDywNB8RzDVlDwDHbocAJveqqj1u8+SVD7jkWT4yvsHCpWqqWqAxb0zCA==",
            "license": "MIT",
            "funding": {
                "url": "https://github.com/sponsors/ljharb"
            }
        },
        "node_modules/playwright": {
            "version": "1.61.0",
            "resolved": "https://registry.npmjs.org/playwright/-/playwright-1.61.0.tgz",
            "integrity": "sha512-Z+7BeeqQPRRzklHsVFP4KTGIyMxKUmfeRA4WisM6G3/XW6nwGeX6fX9qYaDa+CiUqpOkb2f6X3nar05R3kSuJQ==",
            "dev": true,
            "license": "Apache-2.0",
            "dependencies": {
                "playwright-core": "1.61.0"
            },
            "bin": {
                "playwright": "cli.js"
            },
            "engines": {
                "node": ">=18"
            },
            "optionalDependencies": {
                "fsevents": "2.3.2"
            }
        },
        "node_modules/playwright-core": {
            "version": "1.61.0",
            "resolved": "https://registry.npmjs.org/playwright-core/-/playwright-core-1.61.0.tgz",
            "integrity": "sha512-caX7TrY3Ml6egyDX0WUcTHDxodl/b51y5wJOdCEA36QviK/s2g081hvmGs8eaE3DWb6NYZQ6BjO/QkNRPenoPA==",
            "dev": true,
            "license": "Apache-2.0",
            "bin": {
                "playwright-core": "cli.js"
            },
            "engines": {
                "node": ">=18"
            }
        },
        "node_modules/source-map": {
            "version": "0.6.1",
            "resolved": "https://registry.npmjs.org/source-map/-/source-map-0.6.1.tgz",
            "integrity": "sha512-UjgapumWlbMhkBgzT7Ykc5YXUT46F0iKu8SGXq0bcwP5dz/h0Plj6enJqjz1Zbq2l5WaqYnrVbwWOWMyF3F47g==",
            "license": "BSD-3-Clause",
            "optional": true,
            "engines": {
                "node": ">=0.10.0"
            }
        }
    }
}
